
Microsoft Visual Studio Solution File, Format Version 12.00
# Visual Studio Version 16
VisualStudioVersion = 16.0.29001.49
MinimumVisualStudioVersion = 10.0.40219.1
Project("{FAE04EC0-301F-11D3-BF4B-00C04F79EFBC}") = "PDP", "StormPDP\PDP.csproj", "{7ED5348C-6049-45AC-863F-99752EAC12C5}"
EndProject
Project("{FAE04EC0-301F-11D3-BF4B-00C04F79EFBC}") = "PDP.Tests", "StormPDP.Tests\PDP.Tests.csproj", "{A3F7845C-8E0F-4673-8567-842968D7A28E}"
EndProject
Global
	GlobalSection(SolutionConfigurationPlatforms) = preSolution
		Debug|Any CPU = Debug|Any CPU
		Release|Any CPU = Release|Any CPU
	EndGlobalSection
	GlobalSection(ProjectConfigurationPlatforms) = postSolution
		{7ED5348C-6049-45AC-863F-99752EAC12C5}.Debug|Any CPU.ActiveCfg = Debug|Any CPU
		{7ED5348C-6049-45AC-863F-99752EAC12C5}.Debug|Any CPU.Build.0 = Debug|Any CPU
		{7ED5348C-6049-45AC-863F-99752EAC12C5}.Release|Any CPU.ActiveCfg = Release|Any CPU
		{7ED5348C-6049-45AC-863F-99752EAC12C5}.Release|Any CPU.Build.0 = Release|Any CPU
		{A3F7845C-8E0F-4673-8567-842968D7A28E}.Debug|Any CPU.ActiveCfg = Debug|Any CPU
		{A3F7845C-8E0F-4673-8567-842968D7A28E}.Debug|Any CPU.Build.0 = Debug|Any CPU
		{A3F7845C-8E0F-4673-8567-842968D7A28E}.Release|Any CPU.ActiveCfg = Release|Any CPU
		{A3F7845C-8E0F-4673-8567-842968D7A28E}.Release|Any CPU.Build.0 = Release|Any CPU
	EndGlobalSection
	GlobalSection(SolutionProperties) = preSolution
		HideSolutionNode = FALSE
	EndGlobalSection
	GlobalSection(ExtensibilityGlobals) = postSolution
		SolutionGuid = {E44B86E3-BC3E-41C1-98C2-116A3482CEBF}
	EndGlobalSection
EndGlobal
